
Microsoft Visual Studio Solution File, Format Version 12.00
# Visual Studio Version 17
VisualStudioVersion = 17.5.002.0
MinimumVisualStudioVersion = 10.0.40219.1
Project("{9A19103F-16F7-4668-BE54-9A1E7A4F7556}") = "operadores", "operadores\operadores.csproj", "{AD6DEA61-B57A-4C39-A200-396C6D4ACB8A}"
EndProject
Project("{9A19103F-16F7-4668-BE54-9A1E7A4F7556}") = "variaveis", "variaveis\variaveis.csproj", "{D6973785-C1E4-4B40-9D61-476C1C9123EE}"
EndProject
Global
	GlobalSection(SolutionConfigurationPlatforms) = preSolution
		Debug|Any CPU = Debug|Any CPU
		Release|Any CPU = Release|Any CPU
	EndGlobalSection
	GlobalSection(ProjectConfigurationPlatforms) = postSolution
		{AD6DEA61-B57A-4C39-A200-396C6D4ACB8A}.Debug|Any CPU.ActiveCfg = Debug|Any CPU
		{AD6DEA61-B57A-4C39-A200-396C6D4ACB8A}.Debug|Any CPU.Build.0 = Debug|Any CPU
		{AD6DEA61-B57A-4C39-A200-396C6D4ACB8A}.Release|Any CPU.ActiveCfg = Release|Any CPU
		{AD6DEA61-B57A-4C39-A200-396C6D4ACB8A}.Release|Any CPU.Build.0 = Release|Any CPU
		{D6973785-C1E4-4B40-9D61-476C1C9123EE}.Debug|Any CPU.ActiveCfg = Debug|Any CPU
		{D6973785-C1E4-4B40-9D61-476C1C9123EE}.Debug|Any CPU.Build.0 = Debug|Any CPU
		{D6973785-C1E4-4B40-9D61-476C1C9123EE}.Release|Any CPU.ActiveCfg = Release|Any CPU
		{D6973785-C1E4-4B40-9D61-476C1C9123EE}.Release|Any CPU.Build.0 = Release|Any CPU
	EndGlobalSection
	GlobalSection(SolutionProperties) = preSolution
		HideSolutionNode = FALSE
	EndGlobalSection
	GlobalSection(ExtensibilityGlobals) = postSolution
		SolutionGuid = {AF623459-E7FE-4CED-97CA-B1B6E5925ADA}
	EndGlobalSection
EndGlobal
